// !$*UTF8*$!
{
	archiveVersion = 1;
	classes = {
	};
	objectVersion = 50;
	objects = {

/* Begin PBXBuildFile section */
		1CD811F225F0619C00D03D70 /* TravelJournal4_0App.swift in Sources */ = {isa = PBXBuildFile; fileRef = 1CD811DF25F0619800D03D70 /* TravelJournal4_0App.swift */; };
		1CD811F325F0619C00D03D70 /* TravelJournal4_0App.swift in Sources */ = {isa = PBXBuildFile; fileRef = 1CD811DF25F0619800D03D70 /* TravelJournal4_0App.swift */; };
		1CD811F425F0619C00D03D70 /* ContentView.swift in Sources */ = {isa = PBXBuildFile; fileRef = 1CD811E025F0619800D03D70 /* ContentView.swift */; };
		1CD811F525F0619C00D03D70 /* ContentView.swift in Sources */ = {isa = PBXBuildFile; fileRef = 1CD811E025F0619800D03D70 /* ContentView.swift */; };
		1CD811F625F0619C00D03D70 /* Assets.xcassets in Resources */ = {isa = PBXBuildFile; fileRef = 1CD811E125F0619C00D03D70 /* Assets.xcassets */; };
		1CD811F725F0619C00D03D70 /* Assets.xcassets in Resources */ = {isa = PBXBuildFile; fileRef = 1CD811E125F0619C00D03D70 /* Assets.xcassets */; };
		1CD8120325F0839F00D03D70 /* MiddleView.swift in Sources */ = {isa = PBXBuildFile; fileRef = 1CD8120225F0839F00D03D70 /* MiddleView.swift */; };
		1CD8120425F0839F00D03D70 /* MiddleView.swift in Sources */ = {isa = PBXBuildFile; fileRef = 1CD8120225F0839F00D03D70 /* MiddleView.swift */; };
		1CD8121425F0856600D03D70 /* BottomView.swift in Sources */ = {isa = PBXBuildFile; fileRef = 1CD8121325F0856600D03D70 /* BottomView.swift */; };
		1CD8121525F0856600D03D70 /* BottomView.swift in Sources */ = {isa = PBXBuildFile; fileRef = 1CD8121325F0856600D03D70 /* BottomView.swift */; };
/* End PBXBuildFile section */

/* Begin PBXFileReference section */
		1CD811DF25F0619800D03D70 /* TravelJournal4_0App.swift */ = {isa = PBXFileReference; lastKnownFileType = sourcecode.swift; path = TravelJournal4_0App.swift; sourceTree = "<group>"; };
		1CD811E025F0619800D03D70 /* ContentView.swift */ = {isa = PBXFileReference; lastKnownFileType = sourcecode.swift; path = ContentView.swift; sourceTree = "<group>"; };
		1CD811E125F0619C00D03D70 /* Assets.xcassets */ = {isa = PBXFileReference; lastKnownFileType = folder.assetcatalog; path = Assets.xcassets; sourceTree = "<group>"; };
		1CD811E625F0619C00D03D70 /* TravelJournal4.0.app */ = {isa = PBXFileReference; explicitFileType = wrapper.application; includeInIndex = 0; path = TravelJournal4.0.app; sourceTree = BUILT_PRODUCTS_DIR; };
		1CD811E925F0619C00D03D70 /* Info.plist */ = {isa = PBXFileReference; lastKnownFileType = text.plist.xml; path = Info.plist; sourceTree = "<group>"; };
		1CD811EE25F0619C00D03D70 /* TravelJournal4.0.app */ = {isa = PBXFileReference; explicitFileType = wrapper.application; includeInIndex = 0; path = TravelJournal4.0.app; sourceTree = BUILT_PRODUCTS_DIR; };
		1CD811F025F0619C00D03D70 /* Info.plist */ = {isa = PBXFileReference; lastKnownFileType = text.plist.xml; path = Info.plist; sourceTree = "<group>"; };
		1CD811F125F0619C00D03D70 /* macOS.entitlements */ = {isa = PBXFileReference; lastKnownFileType = text.plist.entitlements; path = macOS.entitlements; sourceTree = "<group>"; };
		1CD8120225F0839F00D03D70 /* MiddleView.swift */ = {isa = PBXFileReference; lastKnownFileType = sourcecode.swift; path = MiddleView.swift; sourceTree = "<group>"; };
		1CD8121325F0856600D03D70 /* BottomView.swift */ = {isa = PBXFileReference; lastKnownFileType = sourcecode.swift; path = BottomView.swift; sourceTree = "<group>"; };
/* End PBXFileReference section */

/* Begin PBXFrameworksBuildPhase section */
		1CD811E325F0619C00D03D70 /* Frameworks */ = {
			isa = PBXFrameworksBuildPhase;
			buildActionMask = 2147483647;
			files = (
			);
			runOnlyForDeploymentPostprocessing = 0;
		};
		1CD811EB25F0619C00D03D70 /* Frameworks */ = {
			isa = PBXFrameworksBuildPhase;
			buildActionMask = 2147483647;
			files = (
			);
			runOnlyForDeploymentPostprocessing = 0;
		};
/* End PBXFrameworksBuildPhase section */

/* Begin PBXGroup section */
		1CD811D925F0619800D03D70 = {
			isa = PBXGroup;
			children = (
				1CD811DE25F0619800D03D70 /* Shared */,
				1CD811E825F0619C00D03D70 /* iOS */,
				1CD811EF25F0619C00D03D70 /* macOS */,
				1CD811E725F0619C00D03D70 /* Products */,
			);
			sourceTree = "<group>";
		};
		1CD811DE25F0619800D03D70 /* Shared */ = {
			isa = PBXGroup;
			children = (
				1CD811DF25F0619800D03D70 /* TravelJournal4_0App.swift */,
				1CD811E025F0619800D03D70 /* ContentView.swift */,
				1CD8120225F0839F00D03D70 /* MiddleView.swift */,
				1CD8121325F0856600D03D70 /* BottomView.swift */,
				1CD811E125F0619C00D03D70 /* Assets.xcassets */,
			);
			path = Shared;
			sourceTree = "<group>";
		};
		1CD811E725F0619C00D03D70 /* Products */ = {
			isa = PBXGroup;
			children = (
				1CD811E625F0619C00D03D70 /* TravelJournal4.0.app */,
				1CD811EE25F0619C00D03D70 /* TravelJournal4.0.app */,
			);
			name = Products;
			sourceTree = "<group>";
		};
		1CD811E825F0619C00D03D70 /* iOS */ = {
			isa = PBXGroup;
			children = (
				1CD811E925F0619C00D03D70 /* Info.plist */,
			);
			path = iOS;
			sourceTree = "<group>";
		};
		1CD811EF25F0619C00D03D70 /* macOS */ = {
			isa = PBXGroup;
			children = (
				1CD811F025F0619C00D03D70 /* Info.plist */,
				1CD811F125F0619C00D03D70 /* macOS.entitlements */,
			);
			path = macOS;
			sourceTree = "<group>";
		};
/* End PBXGroup section */

/* Begin PBXNativeTarget section */
		1CD811E525F0619C00D03D70 /* TravelJournal4.0 (iOS) */ = {
			isa = PBXNativeTarget;
			buildConfigurationList = 1CD811FA25F0619C00D03D70 /* Build configuration list for PBXNativeTarget "TravelJournal4.0 (iOS)" */;
			buildPhases = (
				1CD811E225F0619C00D03D70 /* Sources */,
				1CD811E325F0619C00D03D70 /* Frameworks */,
				1CD811E425F0619C00D03D70 /* Resources */,
			);
			buildRules = (
			);
			dependencies = (
			);
			name = "TravelJournal4.0 (iOS)";
			productName = "TravelJournal4.0 (iOS)";
			productReference = 1CD811E625F0619C00D03D70 /* TravelJournal4.0.app */;
			productType = "com.apple.product-type.application";
		};
		1CD811ED25F0619C00D03D70 /* TravelJournal4.0 (macOS) */ = {
			isa = PBXNativeTarget;
			buildConfigurationList = 1CD811FD25F0619C00D03D70 /* Build configuration list for PBXNativeTarget "TravelJournal4.0 (macOS)" */;
			buildPhases = (
				1CD811EA25F0619C00D03D70 /* Sources */,
				1CD811EB25F0619C00D03D70 /* Frameworks */,
				1CD811EC25F0619C00D03D70 /* Resources */,
			);
			buildRules = (
			);
			dependencies = (
			);
			name = "TravelJournal4.0 (macOS)";
			productName = "TravelJournal4.0 (macOS)";
			productReference = 1CD811EE25F0619C00D03D70 /* TravelJournal4.0.app */;
			productType = "com.apple.product-type.application";
		};
/* End PBXNativeTarget section */

/* Begin PBXProject section */
		1CD811DA25F0619800D03D70 /* Project object */ = {
			isa = PBXProject;
			attributes = {
				LastSwiftUpdateCheck = 1230;
				LastUpgradeCheck = 1230;
				TargetAttributes = {
					1CD811E525F0619C00D03D70 = {
						CreatedOnToolsVersion = 12.3;
					};
					1CD811ED25F0619C00D03D70 = {
						CreatedOnToolsVersion = 12.3;
					};
				};
			};
			buildConfigurationList = 1CD811DD25F0619800D03D70 /* Build configuration list for PBXProject "TravelJournal4.0" */;
			compatibilityVersion = "Xcode 9.3";
			developmentRegion = en;
			hasScannedForEncodings = 0;
			knownRegions = (
				en,
				Base,
			);
			mainGroup = 1CD811D925F0619800D03D70;
			productRefGroup = 1CD811E725F0619C00D03D70 /* Products */;
			projectDirPath = "";
			projectRoot = "";
			targets = (
				1CD811E525F0619C00D03D70 /* TravelJournal4.0 (iOS) */,
				1CD811ED25F0619C00D03D70 /* TravelJournal4.0 (macOS) */,
			);
		};
/* End PBXProject section */

/* Begin PBXResourcesBuildPhase section */
		1CD811E425F0619C00D03D70 /* Resources */ = {
			isa = PBXResourcesBuildPhase;
			buildActionMask = 2147483647;
			files = (
				1CD811F625F0619C00D03D70 /* Assets.xcassets in Resources */,
			);
			runOnlyForDeploymentPostprocessing = 0;
		};
		1CD811EC25F0619C00D03D70 /* Resources */ = {
			isa = PBXResourcesBuildPhase;
			buildActionMask = 2147483647;
			files = (
				1CD811F725F0619C00D03D70 /* Assets.xcassets in Resources */,
			);
			runOnlyForDeploymentPostprocessing = 0;
		};
/* End PBXResourcesBuildPhase section */

/* Begin PBXSourcesBuildPhase section */
		1CD811E225F0619C00D03D70 /* Sources */ = {
			isa = PBXSourcesBuildPhase;
			buildActionMask = 2147483647;
			files = (
				1CD8120325F0839F00D03D70 /* MiddleView.swift in Sources */,
				1CD811F425F0619C00D03D70 /* ContentView.swift in Sources */,
				1CD811F225F0619C00D03D70 /* TravelJournal4_0App.swift in Sources */,
				1CD8121425F0856600D03D70 /* BottomView.swift in Sources */,
			);
			runOnlyForDeploymentPostprocessing = 0;
		};
		1CD811EA25F0619C00D03D70 /* Sources */ = {
			isa = PBXSourcesBuildPhase;
			buildActionMask = 2147483647;
			files = (
				1CD8120425F0839F00D03D70 /* MiddleView.swift in Sources */,
				1CD811F525F0619C00D03D70 /* ContentView.swift in Sources */,
				1CD811F325F0619C00D03D70 /* TravelJournal4_0App.swift in Sources */,
				1CD8121525F0856600D03D70 /* BottomView.swift in Sources */,
			);
			runOnlyForDeploymentPostprocessing = 0;
		};
/* End PBXSourcesBuildPhase section */

/* Begin XCBuildConfiguration section */
		1CD811F825F0619C00D03D70 /* Debug */ = {
			isa = XCBuildConfiguration;
			buildSettings = {
				ALWAYS_SEARCH_USER_PATHS = NO;
				CLANG_ANALYZER_NONNULL = YES;
				CLANG_ANALYZER_NUMBER_OBJECT_CONVERSION = YES_AGGRESSIVE;
				CLANG_CXX_LANGUAGE_STANDARD = "gnu++14";
				CLANG_CXX_LIBRARY = "libc++";
				CLANG_ENABLE_MODULES = YES;
				CLANG_ENABLE_OBJC_ARC = YES;
				CLANG_ENABLE_OBJC_WEAK = YES;
				CLANG_WARN_BLOCK_CAPTURE_AUTORELEASING = YES;
				CLANG_WARN_BOOL_CONVERSION = YES;
				CLANG_WARN_COMMA = YES;
				CLANG_WARN_CONSTANT_CONVERSION = YES;
				CLANG_WARN_DEPRECATED_OBJC_IMPLEMENTATIONS = YES;
				CLANG_WARN_DIRECT_OBJC_ISA_USAGE = YES_ERROR;
				CLANG_WARN_DOCUMENTATION_COMMENTS = YES;
				CLANG_WARN_EMPTY_BODY = YES;
				CLANG_WARN_ENUM_CONVERSION = YES;
				CLANG_WARN_INFINITE_RECURSION = YES;
				CLANG_WARN_INT_CONVERSION = YES;
				CLANG_WARN_NON_LITERAL_NULL_CONVERSION = YES;
				CLANG_WARN_OBJC_IMPLICIT_RETAIN_SELF = YES;
				CLANG_WARN_OBJC_LITERAL_CONVERSION = YES;
				CLANG_WARN_OBJC_ROOT_CLASS = YES_ERROR;
				CLANG_WARN_QUOTED_INCLUDE_IN_FRAMEWORK_HEADER = YES;
				CLANG_WARN_RANGE_LOOP_ANALYSIS = YES;
				CLANG_WARN_STRICT_PROTOTYPES = YES;
				CLANG_WARN_SUSPICIOUS_MOVE = YES;
				CLANG_WARN_UNGUARDED_AVAILABILITY = YES_AGGRESSIVE;
				CLANG_WARN_UNREACHABLE_CODE = YES;
				CLANG_WARN__DUPLICATE_METHOD_MATCH = YES;
				COPY_PHASE_STRIP = NO;
				DEBUG_INFORMATION_FORMAT = dwarf;
				ENABLE_STRICT_OBJC_MSGSEND = YES;
				ENABLE_TESTABILITY = YES;
				GCC_C_LANGUAGE_STANDARD = gnu11;
				GCC_DYNAMIC_NO_PIC = NO;
				GCC_NO_COMMON_BLOCKS = YES;
				GCC_OPTIMIZATION_LEVEL = 0;
				GCC_PREPROCESSOR_DEFINITIONS = (
					"DEBUG=1",
					"$(inherited)",
				);
				GCC_WARN_64_TO_32_BIT_CONVERSION = YES;
				GCC_WARN_ABOUT_RETURN_TYPE = YES_ERROR;
				GCC_WARN_UNDECLARED_SELECTOR = YES;
				GCC_WARN_UNINITIALIZED_AUTOS = YES_AGGRESSIVE;
				GCC_WARN_UNUSED_FUNCTION = YES;
				GCC_WARN_UNUSED_VARIABLE = YES;
				MTL_ENABLE_DEBUG_INFO = INCLUDE_SOURCE;
				MTL_FAST_MATH = YES;
				ONLY_ACTIVE_ARCH = YES;
				SWIFT_ACTIVE_COMPILATION_CONDITIONS = DEBUG;
				SWIFT_OPTIMIZATION_LEVEL = "-Onone";
			};
			name = Debug;
		};
		1CD811F925F0619C00D03D70 /* Release */ = {
			isa = XCBuildConfiguration;
			buildSettings = {
				ALWAYS_SEARCH_USER_PATHS = NO;
				CLANG_ANALYZER_NONNULL = YES;
				CLANG_ANALYZER_NUMBER_OBJECT_CONVERSION = YES_AGGRESSIVE;
				CLANG_CXX_LANGUAGE_STANDARD = "gnu++14";
				CLANG_CXX_LIBRARY = "libc++";
				CLANG_ENABLE_MODULES = YES;
				CLANG_ENABLE_OBJC_ARC = YES;
				CLANG_ENABLE_OBJC_WEAK = YES;
				CLANG_WARN_BLOCK_CAPTURE_AUTORELEASING = YES;
				CLANG_WARN_BOOL_CONVERSION = YES;
				CLANG_WARN_COMMA = YES;
				CLANG_WARN_CONSTANT_CONVERSION = YES;
				CLANG_WARN_DEPRECATED_OBJC_IMPLEMENTATIONS = YES;
				CLANG_WARN_DIRECT_OBJC_ISA_USAGE = YES_ERROR;
				CLANG_WARN_DOCUMENTATION_COMMENTS = YES;
				CLANG_WARN_EMPTY_BODY = YES;
				CLANG_WARN_ENUM_CONVERSION = YES;
				CLANG_WARN_INFINITE_RECURSION = YES;
				CLANG_WARN_INT_CONVERSION = YES;
				CLANG_WARN_NON_LITERAL_NULL_CONVERSION = YES;
				CLANG_WARN_OBJC_IMPLICIT_RETAIN_SELF = YES;
				CLANG_WARN_OBJC_LITERAL_CONVERSION = YES;
				CLANG_WARN_OBJC_ROOT_CLASS = YES_ERROR;
				CLANG_WARN_QUOTED_INCLUDE_IN_FRAMEWORK_HEADER = YES;
				CLANG_WARN_RANGE_LOOP_ANALYSIS = YES;
				CLANG_WARN_STRICT_PROTOTYPES = YES;
				CLANG_WARN_SUSPICIOUS_MOVE = YES;
				CLANG_WARN_UNGUARDED_AVAILABILITY = YES_AGGRESSIVE;
				CLANG_WARN_UNREACHABLE_CODE = YES;
				CLANG_WARN__DUPLICATE_METHOD_MATCH = YES;
				COPY_PHASE_STRIP = NO;
				DEBUG_INFORMATION_FORMAT = "dwarf-with-dsym";
				ENABLE_NS_ASSERTIONS = NO;
				ENABLE_STRICT_OBJC_MSGSEND = YES;
				GCC_C_LANGUAGE_STANDARD = gnu11;
				GCC_NO_COMMON_BLOCKS = YES;
				GCC_WARN_64_TO_32_BIT_CONVERSION = YES;
				GCC_WARN_ABOUT_RETURN_TYPE = YES_ERROR;
				GCC_WARN_UNDECLARED_SELECTOR = YES;
				GCC_WARN_UNINITIALIZED_AUTOS = YES_AGGRESSIVE;
				GCC_WARN_UNUSED_FUNCTION = YES;
				GCC_WARN_UNUSED_VARIABLE = YES;
				MTL_ENABLE_DEBUG_INFO = NO;
				MTL_FAST_MATH = YES;
				SWIFT_COMPILATION_MODE = wholemodule;
				SWIFT_OPTIMIZATION_LEVEL = "-O";
			};
			name = Release;
		};
		1CD811FB25F0619C00D03D70 /* Debug */ = {
			isa = XCBuildConfiguration;
			buildSettings = {
				ASSETCATALOG_COMPILER_APPICON_NAME = AppIcon;
				ASSETCATALOG_COMPILER_GLOBAL_ACCENT_COLOR_NAME = AccentColor;
				CODE_SIGN_STYLE = Automatic;
				DEVELOPMENT_TEAM = 6SL23D6X5G;
				ENABLE_PREVIEWS = YES;
				INFOPLIST_FILE = iOS/Info.plist;
				IPHONEOS_DEPLOYMENT_TARGET = 14.0;
				LD_RUNPATH_SEARCH_PATHS = (
					"$(inherited)",
					"@executable_path/Frameworks",
				);
				PRODUCT_BUNDLE_IDENTIFIER = "ca.fulcherberguerfernanda.TravelJournal4-0";
				PRODUCT_NAME = TravelJournal4.0;
				SDKROOT = iphoneos;
				SWIFT_VERSION = 5.0;
				TARGETED_DEVICE_FAMILY = "1,2";
			};
			name = Debug;
		};
		1CD811FC25F0619C00D03D70 /* Release */ = {
			isa = XCBuildConfiguration;
			buildSettings = {
				ASSETCATALOG_COMPILER_APPICON_NAME = AppIcon;
				ASSETCATALOG_COMPILER_GLOBAL_ACCENT_COLOR_NAME = AccentColor;
				CODE_SIGN_STYLE = Automatic;
				DEVELOPMENT_TEAM = 6SL23D6X5G;
				ENABLE_PREVIEWS = YES;
				INFOPLIST_FILE = iOS/Info.plist;
				IPHONEOS_DEPLOYMENT_TARGET = 14.0;
				LD_RUNPATH_SEARCH_PATHS = (
					"$(inherited)",
					"@executable_path/Frameworks",
				);
				PRODUCT_BUNDLE_IDENTIFIER = "ca.fulcherberguerfernanda.TravelJournal4-0";
				PRODUCT_NAME = TravelJournal4.0;
				SDKROOT = iphoneos;
				SWIFT_VERSION = 5.0;
				TARGETED_DEVICE_FAMILY = "1,2";
				VALIDATE_PRODUCT = YES;
			};
			name = Release;
		};
		1CD811FE25F0619C00D03D70 /* Debug */ = {
			isa = XCBuildConfiguration;
			buildSettings = {
				ASSETCATALOG_COMPILER_APPICON_NAME = AppIcon;
				ASSETCATALOG_COMPILER_GLOBAL_ACCENT_COLOR_NAME = AccentColor;
				CODE_SIGN_ENTITLEMENTS = macOS/macOS.entitlements;
				CODE_SIGN_STYLE = Automatic;
				COMBINE_HIDPI_IMAGES = YES;
				DEVELOPMENT_TEAM = 6SL23D6X5G;
				ENABLE_HARDENED_RUNTIME = YES;
				ENABLE_PREVIEWS = YES;
				INFOPLIST_FILE = macOS/Info.plist;
				LD_RUNPATH_SEARCH_PATHS = (
					"$(inherited)",
					"@executable_path/../Frameworks",
				);
				MACOSX_DEPLOYMENT_TARGET = 11.0;
				PRODUCT_BUNDLE_IDENTIFIER = "ca.fulcherberguerfernanda.TravelJournal4-0";
				PRODUCT_NAME = TravelJournal4.0;
				SDKROOT = macosx;
				SWIFT_VERSION = 5.0;
			};
			name = Debug;
		};
		1CD811FF25F0619C00D03D70 /* Release */ = {
			isa = XCBuildConfiguration;
			buildSettings = {
				ASSETCATALOG_COMPILER_APPICON_NAME = AppIcon;
				ASSETCATALOG_COMPILER_GLOBAL_ACCENT_COLOR_NAME = AccentColor;
				CODE_SIGN_ENTITLEMENTS = macOS/macOS.entitlements;
				CODE_SIGN_STYLE = Automatic;
				COMBINE_HIDPI_IMAGES = YES;
				DEVELOPMENT_TEAM = 6SL23D6X5G;
				ENABLE_HARDENED_RUNTIME = YES;
				ENABLE_PREVIEWS = YES;
				INFOPLIST_FILE = macOS/Info.plist;
				LD_RUNPATH_SEARCH_PATHS = (
					"$(inherited)",
					"@executable_path/../Frameworks",
				);
				MACOSX_DEPLOYMENT_TARGET = 11.0;
				PRODUCT_BUNDLE_IDENTIFIER = "ca.fulcherberguerfernanda.TravelJournal4-0";
				PRODUCT_NAME = TravelJournal4.0;
				SDKROOT = macosx;
				SWIFT_VERSION = 5.0;
			};
			name = Release;
		};
/* End XCBuildConfiguration section */

/* Begin XCConfigurationList section */
		1CD811DD25F0619800D03D70 /* Build configuration list for PBXProject "TravelJournal4.0" */ = {
			isa = XCConfigurationList;
			buildConfigurations = (
				1CD811F825F0619C00D03D70 /* Debug */,
				1CD811F925F0619C00D03D70 /* Release */,
			);
			defaultConfigurationIsVisible = 0;
			defaultConfigurationName = Release;
		};
		1CD811FA25F0619C00D03D70 /* Build configuration list for PBXNativeTarget "TravelJournal4.0 (iOS)" */ = {
			isa = XCConfigurationList;
			buildConfigurations = (
				1CD811FB25F0619C00D03D70 /* Debug */,
				1CD811FC25F0619C00D03D70 /* Release */,
			);
			defaultConfigurationIsVisible = 0;
			defaultConfigurationName = Release;
		};
		1CD811FD25F0619C00D03D70 /* Build configuration list for PBXNativeTarget "TravelJournal4.0 (macOS)" */ = {
			isa = XCConfigurationList;
			buildConfigurations = (
				1CD811FE25F0619C00D03D70 /* Debug */,
				1CD811FF25F0619C00D03D70 /* Release */,
			);
			defaultConfigurationIsVisible = 0;
			defaultConfigurationName = Release;
		};
/* End XCConfigurationList section */
	};
	rootObject = 1CD811DA25F0619800D03D70 /* Project object */;
}
